github.com/CodeYourFuture/CYF-PD v1.0.0 h1:/zivfP1G3bwv/+R+wog151/we3BfNlMHhlsVA1u/XW0=
github.com/CodeYourFuture/CYF-PD v1.0.0/go.mod h1:DHl0hTj4HVlLaNcIfwLx3ZkO8R0B08CpvVj2KCJgzpg=
github.com/CodeYourFuture/curriculum/common-content v0.0.0-20250312151056-8b7e75845bcd h1:Z4N27CH4CProM89gxiazCrT0hdfKobhwuXHpwNTF9XQ=
github.com/CodeYourFuture/curriculum/common-content v0.0.0-20250312151056-8b7e75845bcd/go.mod h1:e3J+XphCBJJ8kf6S9ykVxNY1VKPWJoYuDFXEizlDpCI=
github.com/CodeYourFuture/curriculum/common-theme v0.0.0-20250312151056-8b7e75845bcd h1:PnjIY71igZNc+aQF4IQoW5zpyS+6MQ7xv8fZP0Aywig=
github.com/CodeYourFuture/curriculum/common-theme v0.0.0-20250312151056-8b7e75845bcd/go.mod h1:kzt+J4JYp5C3GD1dX0rf7vY5fsTUc6Drrn+7p7pjmLg=
github.com/CodeYourFuture/curriculum/org-cyf-guides v0.0.0-20250312151056-8b7e75845bcd h1:sNqJUNZeSExO341UYJWJdQQqx64tSPLWMhYhanRguhU=
github.com/CodeYourFuture/curriculum/org-cyf-guides v0.0.0-20250312151056-8b7e75845bcd/go.mod h1:7EBadJB9OQSvx72Xhm4wN8reQYSwFNzbsiXtMhLuUQ4=
